
Microsoft Visual Studio Solution File, Format Version 9.00
# Visual Studio 2005
Project("{8BC9CEB8-8B4A-11D0-8D11-00A0C91BC942}") = "libwlocate", "libwlocate.vcproj", "{409710FC-8708-4C87-B387-69F6A1E33DF7}"
EndProject
Global
	GlobalSection(SolutionConfigurationPlatforms) = preSolution
		Debug|Win32 = Debug|Win32
		Release|Win32 = Release|Win32
	EndGlobalSection
	GlobalSection(ProjectConfigurationPlatforms) = postSolution
		{409710FC-8708-4C87-B387-69F6A1E33DF7}.Debug|Win32.ActiveCfg = Debug|Win32
		{409710FC-8708-4C87-B387-69F6A1E33DF7}.Debug|Win32.Build.0 = Debug|Win32
		{409710FC-8708-4C87-B387-69F6A1E33DF7}.Release|Win32.ActiveCfg = Release|Win32
		{409710FC-8708-4C87-B387-69F6A1E33DF7}.Release|Win32.Build.0 = Release|Win32
	EndGlobalSection
	GlobalSection(SolutionProperties) = preSolution
		HideSolutionNode = FALSE
	EndGlobalSection
EndGlobal
